
Microsoft Visual Studio Solution File, Format Version 12.00
# Visual Studio Version 16
VisualStudioVersion = 16.0.29324.140
MinimumVisualStudioVersion = 10.0.40219.1
Project("{FAE04EC0-301F-11D3-BF4B-00C04F79EFBC}") = "ConTrack.WebApi", "ConTrack.WebApi\ConTrack.WebApi.csproj", "{1131F822-1C0F-4C80-8141-5DC9E74B0A1C}"
EndProject
Global
	GlobalSection(SolutionConfigurationPlatforms) = preSolution
		Debug|Any CPU = Debug|Any CPU
		Release|Any CPU = Release|Any CPU
	EndGlobalSection
	GlobalSection(ProjectConfigurationPlatforms) = postSolution
		{1131F822-1C0F-4C80-8141-5DC9E74B0A1C}.Debug|Any CPU.ActiveCfg = Debug|Any CPU
		{1131F822-1C0F-4C80-8141-5DC9E74B0A1C}.Debug|Any CPU.Build.0 = Debug|Any CPU
		{1131F822-1C0F-4C80-8141-5DC9E74B0A1C}.Release|Any CPU.ActiveCfg = Release|Any CPU
		{1131F822-1C0F-4C80-8141-5DC9E74B0A1C}.Release|Any CPU.Build.0 = Release|Any CPU
	EndGlobalSection
	GlobalSection(SolutionProperties) = preSolution
		HideSolutionNode = FALSE
	EndGlobalSection
	GlobalSection(ExtensibilityGlobals) = postSolution
		SolutionGuid = {FC79D843-34F8-4226-B842-5A8A59798835}
	EndGlobalSection
EndGlobal
